// !$*UTF8*$!
{
	archiveVersion = 1;
	classes = {
	};
	objectVersion = 55;
	objects = {

/* Begin PBXBuildFile section */
		8FA7B21227675DCC005D9068 /* AppDelegate.m in Sources */ = {isa = PBXBuildFile; fileRef = 8FA7B21127675DCC005D9068 /* AppDelegate.m */; };
		8FA7B21527675DCC005D9068 /* SceneDelegate.m in Sources */ = {isa = PBXBuildFile; fileRef = 8FA7B21427675DCC005D9068 /* SceneDelegate.m */; };
		8FA7B21827675DCC005D9068 /* ViewController.m in Sources */ = {isa = PBXBuildFile; fileRef = 8FA7B21727675DCC005D9068 /* ViewController.m */; };
		8FA7B21B27675DCC005D9068 /* Main.storyboard in Resources */ = {isa = PBXBuildFile; fileRef = 8FA7B21927675DCC005D9068 /* Main.storyboard */; };
		8FA7B21D27675DD8005D9068 /* Assets.xcassets in Resources */ = {isa = PBXBuildFile; fileRef = 8FA7B21C27675DD8005D9068 /* Assets.xcassets */; };
		8FA7B22027675DD8005D9068 /* LaunchScreen.storyboard in Resources */ = {isa = PBXBuildFile; fileRef = 8FA7B21E27675DD8005D9068 /* LaunchScreen.storyboard */; };
		8FA7B22327675DD8005D9068 /* main.m in Sources */ = {isa = PBXBuildFile; fileRef = 8FA7B22227675DD8005D9068 /* main.m */; };
		8FA7B23C27675E19005D9068 /* Particle.cpp in Sources */ = {isa = PBXBuildFile; fileRef = 8FA7B22A27675E19005D9068 /* Particle.cpp */; };
		8FA7B23D27675E19005D9068 /* GameUtility.cpp in Sources */ = {isa = PBXBuildFile; fileRef = 8FA7B22D27675E19005D9068 /* GameUtility.cpp */; };
		8FA7B23E27675E19005D9068 /* GameObject.cpp in Sources */ = {isa = PBXBuildFile; fileRef = 8FA7B22E27675E19005D9068 /* GameObject.cpp */; };
		8FA7B23F27675E19005D9068 /* FragmentShader.glsl in Resources */ = {isa = PBXBuildFile; fileRef = 8FA7B23127675E19005D9068 /* FragmentShader.glsl */; };
		8FA7B24027675E19005D9068 /* BreaktheBlocks.Shared.vcxitems.filters in Resources */ = {isa = PBXBuildFile; fileRef = 8FA7B23227675E19005D9068 /* BreaktheBlocks.Shared.vcxitems.filters */; };
		8FA7B24127675E19005D9068 /* InputManager.cpp in Sources */ = {isa = PBXBuildFile; fileRef = 8FA7B23327675E19005D9068 /* InputManager.cpp */; };
		8FA7B24227675E19005D9068 /* SceneManager.cpp in Sources */ = {isa = PBXBuildFile; fileRef = 8FA7B23627675E19005D9068 /* SceneManager.cpp */; };
		8FA7B24327675E19005D9068 /* BreaktheBlocks.Shared.vcxitems in Resources */ = {isa = PBXBuildFile; fileRef = 8FA7B23727675E19005D9068 /* BreaktheBlocks.Shared.vcxitems */; };
		8FA7B24427675E19005D9068 /* VertexShader.glsl in Resources */ = {isa = PBXBuildFile; fileRef = 8FA7B23827675E19005D9068 /* VertexShader.glsl */; };
		8FA7B24527675E19005D9068 /* ParticleManager.cpp in Sources */ = {isa = PBXBuildFile; fileRef = 8FA7B23927675E19005D9068 /* ParticleManager.cpp */; };
		8FA7B24627675E19005D9068 /* Renderer.cpp in Sources */ = {isa = PBXBuildFile; fileRef = 8FA7B23B27675E19005D9068 /* Renderer.cpp */; };
/* End PBXBuildFile section */

/* Begin PBXFileReference section */
		8FA7B20D27675DCC005D9068 /* BreaktheBlocks.app */ = {isa = PBXFileReference; explicitFileType = wrapper.application; includeInIndex = 0; path = BreaktheBlocks.app; sourceTree = BUILT_PRODUCTS_DIR; };
		8FA7B21027675DCC005D9068 /* AppDelegate.h */ = {isa = PBXFileReference; lastKnownFileType = sourcecode.c.h; path = AppDelegate.h; sourceTree = "<group>"; };
		8FA7B21127675DCC005D9068 /* AppDelegate.m */ = {isa = PBXFileReference; lastKnownFileType = sourcecode.c.objc; path = AppDelegate.m; sourceTree = "<group>"; };
		8FA7B21327675DCC005D9068 /* SceneDelegate.h */ = {isa = PBXFileReference; lastKnownFileType = sourcecode.c.h; path = SceneDelegate.h; sourceTree = "<group>"; };
		8FA7B21427675DCC005D9068 /* SceneDelegate.m */ = {isa = PBXFileReference; lastKnownFileType = sourcecode.c.objc; path = SceneDelegate.m; sourceTree = "<group>"; };
		8FA7B21627675DCC005D9068 /* ViewController.h */ = {isa = PBXFileReference; lastKnownFileType = sourcecode.c.h; path = ViewController.h; sourceTree = "<group>"; };
		8FA7B21727675DCC005D9068 /* ViewController.m */ = {isa = PBXFileReference; lastKnownFileType = sourcecode.c.objc; path = ViewController.m; sourceTree = "<group>"; };
		8FA7B21A27675DCC005D9068 /* Base */ = {isa = PBXFileReference; lastKnownFileType = file.storyboard; name = Base; path = Base.lproj/Main.storyboard; sourceTree = "<group>"; };
		8FA7B21C27675DD8005D9068 /* Assets.xcassets */ = {isa = PBXFileReference; lastKnownFileType = folder.assetcatalog; path = Assets.xcassets; sourceTree = "<group>"; };
		8FA7B21F27675DD8005D9068 /* Base */ = {isa = PBXFileReference; lastKnownFileType = file.storyboard; name = Base; path = Base.lproj/LaunchScreen.storyboard; sourceTree = "<group>"; };
		8FA7B22127675DD8005D9068 /* Info.plist */ = {isa = PBXFileReference; lastKnownFileType = text.plist.xml; path = Info.plist; sourceTree = "<group>"; };
		8FA7B22227675DD8005D9068 /* main.m */ = {isa = PBXFileReference; lastKnownFileType = sourcecode.c.objc; path = main.m; sourceTree = "<group>"; };
		8FA7B22A27675E19005D9068 /* Particle.cpp */ = {isa = PBXFileReference; fileEncoding = 4; lastKnownFileType = sourcecode.cpp.cpp; path = Particle.cpp; sourceTree = "<group>"; };
		8FA7B22B27675E19005D9068 /* InputManager.h */ = {isa = PBXFileReference; fileEncoding = 4; lastKnownFileType = sourcecode.c.h; path = InputManager.h; sourceTree = "<group>"; };
		8FA7B22C27675E19005D9068 /* GameObject.h */ = {isa = PBXFileReference; fileEncoding = 4; lastKnownFileType = sourcecode.c.h; path = GameObject.h; sourceTree = "<group>"; };
		8FA7B22D27675E19005D9068 /* GameUtility.cpp */ = {isa = PBXFileReference; fileEncoding = 4; lastKnownFileType = sourcecode.cpp.cpp; path = GameUtility.cpp; sourceTree = "<group>"; };
		8FA7B22E27675E19005D9068 /* GameObject.cpp */ = {isa = PBXFileReference; fileEncoding = 4; lastKnownFileType = sourcecode.cpp.cpp; path = GameObject.cpp; sourceTree = "<group>"; };
		8FA7B22F27675E19005D9068 /* GameUtility.h */ = {isa = PBXFileReference; fileEncoding = 4; lastKnownFileType = sourcecode.c.h; path = GameUtility.h; sourceTree = "<group>"; };
		8FA7B23027675E19005D9068 /* Renderer.h */ = {isa = PBXFileReference; fileEncoding = 4; lastKnownFileType = sourcecode.c.h; path = Renderer.h; sourceTree = "<group>"; };
		8FA7B23127675E19005D9068 /* FragmentShader.glsl */ = {isa = PBXFileReference; fileEncoding = 4; lastKnownFileType = text; path = FragmentShader.glsl; sourceTree = "<group>"; };
		8FA7B23227675E19005D9068 /* BreaktheBlocks.Shared.vcxitems.filters */ = {isa = PBXFileReference; fileEncoding = 4; lastKnownFileType = text.xml; path = BreaktheBlocks.Shared.vcxitems.filters; sourceTree = "<group>"; };
		8FA7B23327675E19005D9068 /* InputManager.cpp */ = {isa = PBXFileReference; fileEncoding = 4; lastKnownFileType = sourcecode.cpp.cpp; path = InputManager.cpp; sourceTree = "<group>"; };
		8FA7B23427675E19005D9068 /* SceneManager.h */ = {isa = PBXFileReference; fileEncoding = 4; lastKnownFileType = sourcecode.c.h; path = SceneManager.h; sourceTree = "<group>"; };
		8FA7B23527675E19005D9068 /* Particle.h */ = {isa = PBXFileReference; fileEncoding = 4; lastKnownFileType = sourcecode.c.h; path = Particle.h; sourceTree = "<group>"; };
		8FA7B23627675E19005D9068 /* SceneManager.cpp */ = {isa = PBXFileReference; fileEncoding = 4; lastKnownFileType = sourcecode.cpp.cpp; path = SceneManager.cpp; sourceTree = "<group>"; };
		8FA7B23727675E19005D9068 /* BreaktheBlocks.Shared.vcxitems */ = {isa = PBXFileReference; fileEncoding = 4; lastKnownFileType = text.xml; path = BreaktheBlocks.Shared.vcxitems; sourceTree = "<group>"; };
		8FA7B23827675E19005D9068 /* VertexShader.glsl */ = {isa = PBXFileReference; fileEncoding = 4; lastKnownFileType = text; path = VertexShader.glsl; sourceTree = "<group>"; };
		8FA7B23927675E19005D9068 /* ParticleManager.cpp */ = {isa = PBXFileReference; fileEncoding = 4; lastKnownFileType = sourcecode.cpp.cpp; path = ParticleManager.cpp; sourceTree = "<group>"; };
		8FA7B23A27675E19005D9068 /* ParticleManager.h */ = {isa = PBXFileReference; fileEncoding = 4; lastKnownFileType = sourcecode.c.h; path = ParticleManager.h; sourceTree = "<group>"; };
		8FA7B23B27675E19005D9068 /* Renderer.cpp */ = {isa = PBXFileReference; fileEncoding = 4; lastKnownFileType = sourcecode.cpp.cpp; path = Renderer.cpp; sourceTree = "<group>"; };
/* End PBXFileReference section */

/* Begin PBXFrameworksBuildPhase section */
		8FA7B20A27675DCC005D9068 /* Frameworks */ = {
			isa = PBXFrameworksBuildPhase;
			buildActionMask = 2147483647;
			files = (
			);
			runOnlyForDeploymentPostprocessing = 0;
		};
/* End PBXFrameworksBuildPhase section */

/* Begin PBXGroup section */
		8FA7B20427675DCC005D9068 = {
			isa = PBXGroup;
			children = (
				8FA7B22927675E19005D9068 /* BreaktheBlocks.Shared */,
				8FA7B20F27675DCC005D9068 /* BreaktheBlocks */,
				8FA7B20E27675DCC005D9068 /* Products */,
			);
			sourceTree = "<group>";
		};
		8FA7B20E27675DCC005D9068 /* Products */ = {
			isa = PBXGroup;
			children = (
				8FA7B20D27675DCC005D9068 /* BreaktheBlocks.app */,
			);
			name = Products;
			sourceTree = "<group>";
		};
		8FA7B20F27675DCC005D9068 /* BreaktheBlocks */ = {
			isa = PBXGroup;
			children = (
				8FA7B21027675DCC005D9068 /* AppDelegate.h */,
				8FA7B21127675DCC005D9068 /* AppDelegate.m */,
				8FA7B21327675DCC005D9068 /* SceneDelegate.h */,
				8FA7B21427675DCC005D9068 /* SceneDelegate.m */,
				8FA7B21627675DCC005D9068 /* ViewController.h */,
				8FA7B21727675DCC005D9068 /* ViewController.m */,
				8FA7B21927675DCC005D9068 /* Main.storyboard */,
				8FA7B21C27675DD8005D9068 /* Assets.xcassets */,
				8FA7B21E27675DD8005D9068 /* LaunchScreen.storyboard */,
				8FA7B22127675DD8005D9068 /* Info.plist */,
				8FA7B22227675DD8005D9068 /* main.m */,
			);
			path = BreaktheBlocks;
			sourceTree = "<group>";
		};
		8FA7B22927675E19005D9068 /* BreaktheBlocks.Shared */ = {
			isa = PBXGroup;
			children = (
				8FA7B22A27675E19005D9068 /* Particle.cpp */,
				8FA7B22B27675E19005D9068 /* InputManager.h */,
				8FA7B22C27675E19005D9068 /* GameObject.h */,
				8FA7B22D27675E19005D9068 /* GameUtility.cpp */,
				8FA7B22E27675E19005D9068 /* GameObject.cpp */,
				8FA7B22F27675E19005D9068 /* GameUtility.h */,
				8FA7B23027675E19005D9068 /* Renderer.h */,
				8FA7B23127675E19005D9068 /* FragmentShader.glsl */,
				8FA7B23227675E19005D9068 /* BreaktheBlocks.Shared.vcxitems.filters */,
				8FA7B23327675E19005D9068 /* InputManager.cpp */,
				8FA7B23427675E19005D9068 /* SceneManager.h */,
				8FA7B23527675E19005D9068 /* Particle.h */,
				8FA7B23627675E19005D9068 /* SceneManager.cpp */,
				8FA7B23727675E19005D9068 /* BreaktheBlocks.Shared.vcxitems */,
				8FA7B23827675E19005D9068 /* VertexShader.glsl */,
				8FA7B23927675E19005D9068 /* ParticleManager.cpp */,
				8FA7B23A27675E19005D9068 /* ParticleManager.h */,
				8FA7B23B27675E19005D9068 /* Renderer.cpp */,
			);
			name = BreaktheBlocks.Shared;
			path = ../BreaktheBlocks.Shared;
			sourceTree = "<group>";
		};
/* End PBXGroup section */

/* Begin PBXNativeTarget section */
		8FA7B20C27675DCC005D9068 /* BreaktheBlocks */ = {
			isa = PBXNativeTarget;
			buildConfigurationList = 8FA7B22627675DD8005D9068 /* Build configuration list for PBXNativeTarget "BreaktheBlocks" */;
			buildPhases = (
				8FA7B20927675DCC005D9068 /* Sources */,
				8FA7B20A27675DCC005D9068 /* Frameworks */,
				8FA7B20B27675DCC005D9068 /* Resources */,
			);
			buildRules = (
			);
			dependencies = (
			);
			name = BreaktheBlocks;
			productName = BreaktheBlocks;
			productReference = 8FA7B20D27675DCC005D9068 /* BreaktheBlocks.app */;
			productType = "com.apple.product-type.application";
		};
/* End PBXNativeTarget section */

/* Begin PBXProject section */
		8FA7B20527675DCC005D9068 /* Project object */ = {
			isa = PBXProject;
			attributes = {
				BuildIndependentTargetsInParallel = 1;
				LastUpgradeCheck = 1310;
				TargetAttributes = {
					8FA7B20C27675DCC005D9068 = {
						CreatedOnToolsVersion = 13.1;
					};
				};
			};
			buildConfigurationList = 8FA7B20827675DCC005D9068 /* Build configuration list for PBXProject "BreaktheBlocks" */;
			compatibilityVersion = "Xcode 13.0";
			developmentRegion = en;
			hasScannedForEncodings = 0;
			knownRegions = (
				en,
				Base,
			);
			mainGroup = 8FA7B20427675DCC005D9068;
			productRefGroup = 8FA7B20E27675DCC005D9068 /* Products */;
			projectDirPath = "";
			projectRoot = "";
			targets = (
				8FA7B20C27675DCC005D9068 /* BreaktheBlocks */,
			);
		};
/* End PBXProject section */

/* Begin PBXResourcesBuildPhase section */
		8FA7B20B27675DCC005D9068 /* Resources */ = {
			isa = PBXResourcesBuildPhase;
			buildActionMask = 2147483647;
			files = (
				8FA7B24427675E19005D9068 /* VertexShader.glsl in Resources */,
				8FA7B24327675E19005D9068 /* BreaktheBlocks.Shared.vcxitems in Resources */,
				8FA7B22027675DD8005D9068 /* LaunchScreen.storyboard in Resources */,
				8FA7B21D27675DD8005D9068 /* Assets.xcassets in Resources */,
				8FA7B23F27675E19005D9068 /* FragmentShader.glsl in Resources */,
				8FA7B21B27675DCC005D9068 /* Main.storyboard in Resources */,
				8FA7B24027675E19005D9068 /* BreaktheBlocks.Shared.vcxitems.filters in Resources */,
			);
			runOnlyForDeploymentPostprocessing = 0;
		};
/* End PBXResourcesBuildPhase section */

/* Begin PBXSourcesBuildPhase section */
		8FA7B20927675DCC005D9068 /* Sources */ = {
			isa = PBXSourcesBuildPhase;
			buildActionMask = 2147483647;
			files = (
				8FA7B23D27675E19005D9068 /* GameUtility.cpp in Sources */,
				8FA7B21827675DCC005D9068 /* ViewController.m in Sources */,
				8FA7B23C27675E19005D9068 /* Particle.cpp in Sources */,
				8FA7B21227675DCC005D9068 /* AppDelegate.m in Sources */,
				8FA7B24627675E19005D9068 /* Renderer.cpp in Sources */,
				8FA7B24127675E19005D9068 /* InputManager.cpp in Sources */,
				8FA7B24227675E19005D9068 /* SceneManager.cpp in Sources */,
				8FA7B22327675DD8005D9068 /* main.m in Sources */,
				8FA7B24527675E19005D9068 /* ParticleManager.cpp in Sources */,
				8FA7B21527675DCC005D9068 /* SceneDelegate.m in Sources */,
				8FA7B23E27675E19005D9068 /* GameObject.cpp in Sources */,
			);
			runOnlyForDeploymentPostprocessing = 0;
		};
/* End PBXSourcesBuildPhase section */

/* Begin PBXVariantGroup section */
		8FA7B21927675DCC005D9068 /* Main.storyboard */ = {
			isa = PBXVariantGroup;
			children = (
				8FA7B21A27675DCC005D9068 /* Base */,
			);
			name = Main.storyboard;
			sourceTree = "<group>";
		};
		8FA7B21E27675DD8005D9068 /* LaunchScreen.storyboard */ = {
			isa = PBXVariantGroup;
			children = (
				8FA7B21F27675DD8005D9068 /* Base */,
			);
			name = LaunchScreen.storyboard;
			sourceTree = "<group>";
		};
/* End PBXVariantGroup section */

/* Begin XCBuildConfiguration section */
		8FA7B22427675DD8005D9068 /* Debug */ = {
			isa = XCBuildConfiguration;
			buildSettings = {
				ALWAYS_SEARCH_USER_PATHS = NO;
				CLANG_ANALYZER_NONNULL = YES;
				CLANG_ANALYZER_NUMBER_OBJECT_CONVERSION = YES_AGGRESSIVE;
				CLANG_CXX_LANGUAGE_STANDARD = "gnu++17";
				CLANG_CXX_LIBRARY = "libc++";
				CLANG_ENABLE_MODULES = YES;
				CLANG_ENABLE_OBJC_ARC = YES;
				CLANG_ENABLE_OBJC_WEAK = YES;
				CLANG_WARN_BLOCK_CAPTURE_AUTORELEASING = YES;
				CLANG_WARN_BOOL_CONVERSION = YES;
				CLANG_WARN_COMMA = YES;
				CLANG_WARN_CONSTANT_CONVERSION = YES;
				CLANG_WARN_DEPRECATED_OBJC_IMPLEMENTATIONS = YES;
				CLANG_WARN_DIRECT_OBJC_ISA_USAGE = YES_ERROR;
				CLANG_WARN_DOCUMENTATION_COMMENTS = YES;
				CLANG_WARN_EMPTY_BODY = YES;
				CLANG_WARN_ENUM_CONVERSION = YES;
				CLANG_WARN_INFINITE_RECURSION = YES;
				CLANG_WARN_INT_CONVERSION = YES;
				CLANG_WARN_NON_LITERAL_NULL_CONVERSION = YES;
				CLANG_WARN_OBJC_IMPLICIT_RETAIN_SELF = YES;
				CLANG_WARN_OBJC_LITERAL_CONVERSION = YES;
				CLANG_WARN_OBJC_ROOT_CLASS = YES_ERROR;
				CLANG_WARN_QUOTED_INCLUDE_IN_FRAMEWORK_HEADER = YES;
				CLANG_WARN_RANGE_LOOP_ANALYSIS = YES;
				CLANG_WARN_STRICT_PROTOTYPES = YES;
				CLANG_WARN_SUSPICIOUS_MOVE = YES;
				CLANG_WARN_UNGUARDED_AVAILABILITY = YES_AGGRESSIVE;
				CLANG_WARN_UNREACHABLE_CODE = YES;
				CLANG_WARN__DUPLICATE_METHOD_MATCH = YES;
				COPY_PHASE_STRIP = NO;
				DEBUG_INFORMATION_FORMAT = dwarf;
				ENABLE_STRICT_OBJC_MSGSEND = YES;
				ENABLE_TESTABILITY = YES;
				GCC_C_LANGUAGE_STANDARD = gnu11;
				GCC_DYNAMIC_NO_PIC = NO;
				GCC_NO_COMMON_BLOCKS = YES;
				GCC_OPTIMIZATION_LEVEL = 0;
				GCC_PREPROCESSOR_DEFINITIONS = (
					"DEBUG=1",
					"$(inherited)",
				);
				GCC_WARN_64_TO_32_BIT_CONVERSION = YES;
				GCC_WARN_ABOUT_RETURN_TYPE = YES_ERROR;
				GCC_WARN_UNDECLARED_SELECTOR = YES;
				GCC_WARN_UNINITIALIZED_AUTOS = YES_AGGRESSIVE;
				GCC_WARN_UNUSED_FUNCTION = YES;
				GCC_WARN_UNUSED_VARIABLE = YES;
				IPHONEOS_DEPLOYMENT_TARGET = 15.0;
				MTL_ENABLE_DEBUG_INFO = INCLUDE_SOURCE;
				MTL_FAST_MATH = YES;
				ONLY_ACTIVE_ARCH = YES;
				SDKROOT = iphoneos;
			};
			name = Debug;
		};
		8FA7B22527675DD8005D9068 /* Release */ = {
			isa = XCBuildConfiguration;
			buildSettings = {
				ALWAYS_SEARCH_USER_PATHS = NO;
				CLANG_ANALYZER_NONNULL = YES;
				CLANG_ANALYZER_NUMBER_OBJECT_CONVERSION = YES_AGGRESSIVE;
				CLANG_CXX_LANGUAGE_STANDARD = "gnu++17";
				CLANG_CXX_LIBRARY = "libc++";
				CLANG_ENABLE_MODULES = YES;
				CLANG_ENABLE_OBJC_ARC = YES;
				CLANG_ENABLE_OBJC_WEAK = YES;
				CLANG_WARN_BLOCK_CAPTURE_AUTORELEASING = YES;
				CLANG_WARN_BOOL_CONVERSION = YES;
				CLANG_WARN_COMMA = YES;
				CLANG_WARN_CONSTANT_CONVERSION = YES;
				CLANG_WARN_DEPRECATED_OBJC_IMPLEMENTATIONS = YES;
				CLANG_WARN_DIRECT_OBJC_ISA_USAGE = YES_ERROR;
				CLANG_WARN_DOCUMENTATION_COMMENTS = YES;
				CLANG_WARN_EMPTY_BODY = YES;
				CLANG_WARN_ENUM_CONVERSION = YES;
				CLANG_WARN_INFINITE_RECURSION = YES;
				CLANG_WARN_INT_CONVERSION = YES;
				CLANG_WARN_NON_LITERAL_NULL_CONVERSION = YES;
				CLANG_WARN_OBJC_IMPLICIT_RETAIN_SELF = YES;
				CLANG_WARN_OBJC_LITERAL_CONVERSION = YES;
				CLANG_WARN_OBJC_ROOT_CLASS = YES_ERROR;
				CLANG_WARN_QUOTED_INCLUDE_IN_FRAMEWORK_HEADER = YES;
				CLANG_WARN_RANGE_LOOP_ANALYSIS = YES;
				CLANG_WARN_STRICT_PROTOTYPES = YES;
				CLANG_WARN_SUSPICIOUS_MOVE = YES;
				CLANG_WARN_UNGUARDED_AVAILABILITY = YES_AGGRESSIVE;
				CLANG_WARN_UNREACHABLE_CODE = YES;
				CLANG_WARN__DUPLICATE_METHOD_MATCH = YES;
				COPY_PHASE_STRIP = NO;
				DEBUG_INFORMATION_FORMAT = "dwarf-with-dsym";
				ENABLE_NS_ASSERTIONS = NO;
				ENABLE_STRICT_OBJC_MSGSEND = YES;
				GCC_C_LANGUAGE_STANDARD = gnu11;
				GCC_NO_COMMON_BLOCKS = YES;
				GCC_WARN_64_TO_32_BIT_CONVERSION = YES;
				GCC_WARN_ABOUT_RETURN_TYPE = YES_ERROR;
				GCC_WARN_UNDECLARED_SELECTOR = YES;
				GCC_WARN_UNINITIALIZED_AUTOS = YES_AGGRESSIVE;
				GCC_WARN_UNUSED_FUNCTION = YES;
				GCC_WARN_UNUSED_VARIABLE = YES;
				IPHONEOS_DEPLOYMENT_TARGET = 15.0;
				MTL_ENABLE_DEBUG_INFO = NO;
				MTL_FAST_MATH = YES;
				SDKROOT = iphoneos;
				VALIDATE_PRODUCT = YES;
			};
			name = Release;
		};
		8FA7B22727675DD8005D9068 /* Debug */ = {
			isa = XCBuildConfiguration;
			buildSettings = {
				ASSETCATALOG_COMPILER_APPICON_NAME = AppIcon;
				ASSETCATALOG_COMPILER_GLOBAL_ACCENT_COLOR_NAME = AccentColor;
				CODE_SIGN_STYLE = Automatic;
				CURRENT_PROJECT_VERSION = 1;
				GENERATE_INFOPLIST_FILE = YES;
				INFOPLIST_FILE = BreaktheBlocks/Info.plist;
				INFOPLIST_KEY_UIApplicationSupportsIndirectInputEvents = YES;
				INFOPLIST_KEY_UILaunchStoryboardName = LaunchScreen;
				INFOPLIST_KEY_UIMainStoryboardFile = Main;
				INFOPLIST_KEY_UISupportedInterfaceOrientations_iPad = "UIInterfaceOrientationPortrait UIInterfaceOrientationPortraitUpsideDown UIInterfaceOrientationLandscapeLeft UIInterfaceOrientationLandscapeRight";
				INFOPLIST_KEY_UISupportedInterfaceOrientations_iPhone = "UIInterfaceOrientationPortrait UIInterfaceOrientationLandscapeLeft UIInterfaceOrientationLandscapeRight";
				LD_RUNPATH_SEARCH_PATHS = (
					"$(inherited)",
					"@executable_path/Frameworks",
				);
				MARKETING_VERSION = 1.0;
				PRODUCT_BUNDLE_IDENTIFIER = com.BreaktheBlocks;
				PRODUCT_NAME = "$(TARGET_NAME)";
				SWIFT_EMIT_LOC_STRINGS = YES;
				TARGETED_DEVICE_FAMILY = "1,2";
			};
			name = Debug;
		};
		8FA7B22827675DD8005D9068 /* Release */ = {
			isa = XCBuildConfiguration;
			buildSettings = {
				ASSETCATALOG_COMPILER_APPICON_NAME = AppIcon;
				ASSETCATALOG_COMPILER_GLOBAL_ACCENT_COLOR_NAME = AccentColor;
				CODE_SIGN_STYLE = Automatic;
				CURRENT_PROJECT_VERSION = 1;
				GENERATE_INFOPLIST_FILE = YES;
				INFOPLIST_FILE = BreaktheBlocks/Info.plist;
				INFOPLIST_KEY_UIApplicationSupportsIndirectInputEvents = YES;
				INFOPLIST_KEY_UILaunchStoryboardName = LaunchScreen;
				INFOPLIST_KEY_UIMainStoryboardFile = Main;
				INFOPLIST_KEY_UISupportedInterfaceOrientations_iPad = "UIInterfaceOrientationPortrait UIInterfaceOrientationPortraitUpsideDown UIInterfaceOrientationLandscapeLeft UIInterfaceOrientationLandscapeRight";
				INFOPLIST_KEY_UISupportedInterfaceOrientations_iPhone = "UIInterfaceOrientationPortrait UIInterfaceOrientationLandscapeLeft UIInterfaceOrientationLandscapeRight";
				LD_RUNPATH_SEARCH_PATHS = (
					"$(inherited)",
					"@executable_path/Frameworks",
				);
				MARKETING_VERSION = 1.0;
				PRODUCT_BUNDLE_IDENTIFIER = com.BreaktheBlocks;
				PRODUCT_NAME = "$(TARGET_NAME)";
				SWIFT_EMIT_LOC_STRINGS = YES;
				TARGETED_DEVICE_FAMILY = "1,2";
			};
			name = Release;
		};
/* End XCBuildConfiguration section */

/* Begin XCConfigurationList section */
		8FA7B20827675DCC005D9068 /* Build configuration list for PBXProject "BreaktheBlocks" */ = {
			isa = XCConfigurationList;
			buildConfigurations = (
				8FA7B22427675DD8005D9068 /* Debug */,
				8FA7B22527675DD8005D9068 /* Release */,
			);
			defaultConfigurationIsVisible = 0;
			defaultConfigurationName = Release;
		};
		8FA7B22627675DD8005D9068 /* Build configuration list for PBXNativeTarget "BreaktheBlocks" */ = {
			isa = XCConfigurationList;
			buildConfigurations = (
				8FA7B22727675DD8005D9068 /* Debug */,
				8FA7B22827675DD8005D9068 /* Release */,
			);
			defaultConfigurationIsVisible = 0;
			defaultConfigurationName = Release;
		};
/* End XCConfigurationList section */
	};
	rootObject = 8FA7B20527675DCC005D9068 /* Project object */;
}
